
Microsoft Visual Studio Solution File, Format Version 12.00
# Visual Studio Version 16
VisualStudioVersion = 16.0.29509.3
MinimumVisualStudioVersion = 10.0.40219.1
Project("{FAE04EC0-301F-11D3-BF4B-00C04F79EFBC}") = "StartWebApplication", "StartWebApplication\StartWebApplication.csproj", "{4229D76F-EA38-44F3-AA13-571E2C1F1BB5}"
EndProject
Global
	GlobalSection(SolutionConfigurationPlatforms) = preSolution
		Debug|Any CPU = Debug|Any CPU
		Release|Any CPU = Release|Any CPU
	EndGlobalSection
	GlobalSection(ProjectConfigurationPlatforms) = postSolution
		{4229D76F-EA38-44F3-AA13-571E2C1F1BB5}.Debug|Any CPU.ActiveCfg = Debug|Any CPU
		{4229D76F-EA38-44F3-AA13-571E2C1F1BB5}.Debug|Any CPU.Build.0 = Debug|Any CPU
		{4229D76F-EA38-44F3-AA13-571E2C1F1BB5}.Release|Any CPU.ActiveCfg = Release|Any CPU
		{4229D76F-EA38-44F3-AA13-571E2C1F1BB5}.Release|Any CPU.Build.0 = Release|Any CPU
	EndGlobalSection
	GlobalSection(SolutionProperties) = preSolution
		HideSolutionNode = FALSE
	EndGlobalSection
	GlobalSection(ExtensibilityGlobals) = postSolution
		SolutionGuid = {1E4A85AF-C738-4DE5-BCDF-BBB59C407CAA}
	EndGlobalSection
EndGlobal
